
Microsoft Visual Studio Solution File, Format Version 12.00
# Visual Studio Version 16
VisualStudioVersion = 16.0.33423.256
MinimumVisualStudioVersion = 10.0.40219.1
Project("{FAE04EC0-301F-11D3-BF4B-00C04F79EFBC}") = "NotGoruntulemePaneli", "NotGoruntulemePaneli\NotGoruntulemePaneli.csproj", "{A234FB64-9183-45DF-A6E7-6219DAC4E913}"
EndProject
Project("{FAE04EC0-301F-11D3-BF4B-00C04F79EFBC}") = "BusinessLayer", "BusinessLayer\BusinessLayer.csproj", "{4EF2294A-69F9-43AD-8350-5F796A67EB77}"
EndProject
Project("{FAE04EC0-301F-11D3-BF4B-00C04F79EFBC}") = "EntityLayer", "EntityLayer\EntityLayer.csproj", "{43FF3A79-66CC-4253-846D-B5404F32E5EC}"
EndProject
Project("{FAE04EC0-301F-11D3-BF4B-00C04F79EFBC}") = "DataAccessLayer", "DataAccessLayer\DataAccessLayer.csproj", "{63F07171-275A-406C-A93C-98AEF51A9D33}"
EndProject
Project("{FAE04EC0-301F-11D3-BF4B-00C04F79EFBC}") = "CoreLayer", "CoreLayer\CoreLayer.csproj", "{56F8564B-A9C5-463B-BFA1-4DD5CCBB1CD1}"
EndProject
Global
	GlobalSection(SolutionConfigurationPlatforms) = preSolution
		Debug|Any CPU = Debug|Any CPU
		Release|Any CPU = Release|Any CPU
	EndGlobalSection
	GlobalSection(ProjectConfigurationPlatforms) = postSolution
		{A234FB64-9183-45DF-A6E7-6219DAC4E913}.Debug|Any CPU.ActiveCfg = Debug|Any CPU
		{A234FB64-9183-45DF-A6E7-6219DAC4E913}.Debug|Any CPU.Build.0 = Debug|Any CPU
		{A234FB64-9183-45DF-A6E7-6219DAC4E913}.Release|Any CPU.ActiveCfg = Release|Any CPU
		{A234FB64-9183-45DF-A6E7-6219DAC4E913}.Release|Any CPU.Build.0 = Release|Any CPU
		{4EF2294A-69F9-43AD-8350-5F796A67EB77}.Debug|Any CPU.ActiveCfg = Debug|Any CPU
		{4EF2294A-69F9-43AD-8350-5F796A67EB77}.Debug|Any CPU.Build.0 = Debug|Any CPU
		{4EF2294A-69F9-43AD-8350-5F796A67EB77}.Release|Any CPU.ActiveCfg = Release|Any CPU
		{4EF2294A-69F9-43AD-8350-5F796A67EB77}.Release|Any CPU.Build.0 = Release|Any CPU
		{43FF3A79-66CC-4253-846D-B5404F32E5EC}.Debug|Any CPU.ActiveCfg = Debug|Any CPU
		{43FF3A79-66CC-4253-846D-B5404F32E5EC}.Debug|Any CPU.Build.0 = Debug|Any CPU
		{43FF3A79-66CC-4253-846D-B5404F32E5EC}.Release|Any CPU.ActiveCfg = Release|Any CPU
		{43FF3A79-66CC-4253-846D-B5404F32E5EC}.Release|Any CPU.Build.0 = Release|Any CPU
		{63F07171-275A-406C-A93C-98AEF51A9D33}.Debug|Any CPU.ActiveCfg = Debug|Any CPU
		{63F07171-275A-406C-A93C-98AEF51A9D33}.Debug|Any CPU.Build.0 = Debug|Any CPU
		{63F07171-275A-406C-A93C-98AEF51A9D33}.Release|Any CPU.ActiveCfg = Release|Any CPU
		{63F07171-275A-406C-A93C-98AEF51A9D33}.Release|Any CPU.Build.0 = Release|Any CPU
		{56F8564B-A9C5-463B-BFA1-4DD5CCBB1CD1}.Debug|Any CPU.ActiveCfg = Debug|Any CPU
		{56F8564B-A9C5-463B-BFA1-4DD5CCBB1CD1}.Debug|Any CPU.Build.0 = Debug|Any CPU
		{56F8564B-A9C5-463B-BFA1-4DD5CCBB1CD1}.Release|Any CPU.ActiveCfg = Release|Any CPU
		{56F8564B-A9C5-463B-BFA1-4DD5CCBB1CD1}.Release|Any CPU.Build.0 = Release|Any CPU
	EndGlobalSection
	GlobalSection(SolutionProperties) = preSolution
		HideSolutionNode = FALSE
	EndGlobalSection
	GlobalSection(ExtensibilityGlobals) = postSolution
		SolutionGuid = {D3B43A22-72B5-40E9-806A-CE11C004E7FA}
	EndGlobalSection
EndGlobal
